
Microsoft Visual Studio Solution File, Format Version 12.00
# Visual Studio Version 17
VisualStudioVersion = 17.2.32630.192
MinimumVisualStudioVersion = 10.0.40219.1
Project("{FAE04EC0-301F-11D3-BF4B-00C04F79EFBC}") = "Eto.Parser", "Eto.Parser\Eto.Parser.csproj", "{BBCB5621-1BBD-4911-B892-1AE6247F7D64}"
EndProject
Project("{FAE04EC0-301F-11D3-BF4B-00C04F79EFBC}") = "Eto.ParserTests", "Eto.ParserTests\Eto.ParserTests.csproj", "{54B670A4-1D8B-4A6B-820D-857A2CB36FA4}"
EndProject
Project("{2150E333-8FDC-42A3-9474-1A3956D46DE8}") = ".vscode", ".vscode", "{75D1C779-2351-4BE4-B3EF-5FC46250834F}"
	ProjectSection(SolutionItems) = preProject
		launch.json = launch.json
		Tasks.json = Tasks.json
	EndProjectSection
EndProject
Global
	GlobalSection(SolutionConfigurationPlatforms) = preSolution
		Debug|Any CPU = Debug|Any CPU
		Release|Any CPU = Release|Any CPU
	EndGlobalSection
	GlobalSection(ProjectConfigurationPlatforms) = postSolution
		{BBCB5621-1BBD-4911-B892-1AE6247F7D64}.Debug|Any CPU.ActiveCfg = Debug|Any CPU
		{BBCB5621-1BBD-4911-B892-1AE6247F7D64}.Debug|Any CPU.Build.0 = Debug|Any CPU
		{BBCB5621-1BBD-4911-B892-1AE6247F7D64}.Release|Any CPU.ActiveCfg = Release|Any CPU
		{BBCB5621-1BBD-4911-B892-1AE6247F7D64}.Release|Any CPU.Build.0 = Release|Any CPU
		{54B670A4-1D8B-4A6B-820D-857A2CB36FA4}.Debug|Any CPU.ActiveCfg = Debug|Any CPU
		{54B670A4-1D8B-4A6B-820D-857A2CB36FA4}.Debug|Any CPU.Build.0 = Debug|Any CPU
		{54B670A4-1D8B-4A6B-820D-857A2CB36FA4}.Release|Any CPU.ActiveCfg = Release|Any CPU
		{54B670A4-1D8B-4A6B-820D-857A2CB36FA4}.Release|Any CPU.Build.0 = Release|Any CPU
	EndGlobalSection
	GlobalSection(SolutionProperties) = preSolution
		HideSolutionNode = FALSE
	EndGlobalSection
	GlobalSection(ExtensibilityGlobals) = postSolution
		SolutionGuid = {1CA62EFE-A43F-47B0-805A-DC006CC2C77C}
	EndGlobalSection
EndGlobal
